
Microsoft Visual Studio Solution File, Format Version 12.00
# Visual Studio Version 17
VisualStudioVersion = 17.7.34031.279
MinimumVisualStudioVersion = 10.0.40219.1
Project("{FAE04EC0-301F-11D3-BF4B-00C04F79EFBC}") = "ProgramLauncher", "ProgramLauncher.csproj", "{56DFBE9D-2B6D-4B4A-882E-65A467CD40AD}"
EndProject
Global
	GlobalSection(SolutionConfigurationPlatforms) = preSolution
		Debug|Any CPU = Debug|Any CPU
		Release|Any CPU = Release|Any CPU
	EndGlobalSection
	GlobalSection(ProjectConfigurationPlatforms) = postSolution
		{56DFBE9D-2B6D-4B4A-882E-65A467CD40AD}.Debug|Any CPU.ActiveCfg = Debug|Any CPU
		{56DFBE9D-2B6D-4B4A-882E-65A467CD40AD}.Release|Any CPU.ActiveCfg = Release|Any CPU
		{56DFBE9D-2B6D-4B4A-882E-65A467CD40AD}.Release|Any CPU.Build.0 = Release|Any CPU
	EndGlobalSection
	GlobalSection(SolutionProperties) = preSolution
		HideSolutionNode = FALSE
	EndGlobalSection
	GlobalSection(ExtensibilityGlobals) = postSolution
		SolutionGuid = {B05CEC92-DE42-4BEF-8D73-D60C39F21DDB}
	EndGlobalSection
EndGlobal
